schema: '2.0'
stages:
  prepare-apprenticeships:
    cmd: papermill apprenticeships.ipynb -
    deps:
    - path: apprenticeships.ipynb
      hash: md5
      md5: fd6332a2cb83ac90a0afa8c647da0b0b
      size: 18600
    outs:
    - path: ../static/autoload-data/apprenticeships/
      hash: md5
      md5: 13b9bf8665b9197d1615413d6fce5979.dir
      size: 733235
      nfiles: 159
  build-index:
    cmd: find static/autoload-data/ -type f | cut -d/ -f2- | jq --raw-input --slurp
      'split("\n")' > src/lib/data-manifest.json
    deps:
    - path: static/autoload-data/
      hash: md5
      md5: 3a907723fabed9c9d631ee07584352db.dir
      size: 33998760
      nfiles: 164
    outs:
    - path: src/lib/data-manifest.json
      hash: md5
      md5: 9cd400299593eb26ed91adebaeef8104
      size: 15587
  prepare-maps:
    cmd: papermill geo.ipynb -
    deps:
    - path: geo.ipynb
      hash: md5
      md5: f3fa97685b8d83222db419ba2a4412db
      size: 62667
    outs:
    - path: ../src/lib/maps/geojson/lad.json
      hash: md5
      md5: 6525eb0fdee3d60e487ad85d38d1043b
      size: 766342
    - path: ../static/autoload-data/lad.parquet
      hash: md5
      md5: 9aa672adb49340bd52f44712b8735bbf
      size: 431424
