schema: '2.0'
stages:
  prepare-apprenticeships:
    cmd: papermill apprenticeships.ipynb -
    deps:
    - path: apprenticeships.ipynb
      hash: md5
      md5: e999bcaf68f09ab57250615dc23b523c
      size: 7333
    outs:
    - path: ../static/autoload-data/apprenticeships/
      hash: md5
      md5: dd0ff7efb27f346273807d259efc4612.dir
      size: 653488
      nfiles: 159
  build-index:
    cmd: find static/autoload-data/ -type f | cut -d/ -f2- | jq --raw-input --slurp
      'split("\n")' > src/lib/data-manifest.json
    deps:
    - path: static/autoload-data/
      hash: md5
      md5: e7371c9155b863f92bc84b9410bace38.dir
      size: 34654138
      nfiles: 164
    outs:
    - path: src/lib/data-manifest.json
      hash: md5
      md5: 38b60c854dcca2f4bf488180e590c78d
      size: 15587
  prepare-maps:
    cmd: papermill geo.ipynb -
    deps:
    - path: geo.ipynb
      hash: md5
      md5: 218e70cd5f5dceefff07e8049f896695
      size: 2397
    outs:
    - path: ../src/lib/maps/geojson/lad.json
      hash: md5
      md5: 8a6e10fefd65e9ea594d800eb164b501
      size: 1762646
    - path: ../static/autoload-data/lad.parquet
      hash: md5
      md5: 66699d7bddc7adae6dd27136408ac21c
      size: 1166549
