schema: '2.0'
stages:
  prepare-apprenticeships:
    cmd: papermill apprenticeships.ipynb -
    deps:
    - path: apprenticeships.ipynb
      hash: md5
      md5: 115365f0c933592a307229d33a375368
      size: 13400
    outs:
    - path: ../static/autoload-data/apprenticeships/
      hash: md5
      md5: 54e9d16ac92eaad84112a4ed78d59b80.dir
      size: 667335
      nfiles: 159
  build-index:
    cmd: find static/autoload-data/ -type f | cut -d/ -f2- | jq --raw-input --slurp
      'split("\n")' > src/lib/data-manifest.json
    deps:
    - path: static/autoload-data/
      hash: md5
      md5: f41267676bb001a97d59ba5b5560e3df.dir
      size: 33932860
      nfiles: 164
    outs:
    - path: src/lib/data-manifest.json
      hash: md5
      md5: 3cce569c641b4e073e2008a661a6392c
      size: 15587
  prepare-maps:
    cmd: papermill geo.ipynb -
    deps:
    - path: geo.ipynb
      hash: md5
      md5: f3fa97685b8d83222db419ba2a4412db
      size: 62667
    outs:
    - path: ../src/lib/maps/geojson/lad.json
      hash: md5
      md5: 6525eb0fdee3d60e487ad85d38d1043b
      size: 766342
    - path: ../static/autoload-data/lad.parquet
      hash: md5
      md5: 9aa672adb49340bd52f44712b8735bbf
      size: 431424
